// !$*UTF8*$!
{
	archiveVersion = 1;
	classes = {
	};
	objectVersion = 55;
	objects = {

/* Begin PBXBuildFile section */
		91A6CAF32823BA41009A4688 /* BlankView.swift in Sources */ = {isa = PBXBuildFile; fileRef = 91A6CAF22823BA41009A4688 /* BlankView.swift */; };
		91A6CAF52823BCA5009A4688 /* BottomSheet.swift in Sources */ = {isa = PBXBuildFile; fileRef = 91A6CAF42823BCA5009A4688 /* BottomSheet.swift */; };
		91A8062328222DA400CE8189 /* MonthlyPayDetailView.swift in Sources */ = {isa = PBXBuildFile; fileRef = 91A8062228222DA400CE8189 /* MonthlyPayDetailView.swift */; };
		91A8062528222EB500CE8189 /* MonthlyPayDetailViewModel.swift in Sources */ = {isa = PBXBuildFile; fileRef = 91A8062428222EB500CE8189 /* MonthlyPayDetailViewModel.swift */; };
		91A8062728223BF100CE8189 /* LeaveDetailView.swift in Sources */ = {isa = PBXBuildFile; fileRef = 91A8062628223BF100CE8189 /* LeaveDetailView.swift */; };
		91AA6CDD2820C3A30057AA8A /* AddingNewCodeNoteView.swift in Sources */ = {isa = PBXBuildFile; fileRef = 91AA6CDC2820C3A30057AA8A /* AddingNewCodeNoteView.swift */; };
		91AA6CDF2820C6FC0057AA8A /* AddingNewCodeNoteViewModel.swift in Sources */ = {isa = PBXBuildFile; fileRef = 91AA6CDE2820C6FC0057AA8A /* AddingNewCodeNoteViewModel.swift */; };
		91AA6CE12820CBEF0057AA8A /* NoteEntityModel.swift in Sources */ = {isa = PBXBuildFile; fileRef = 91AA6CE02820CBEF0057AA8A /* NoteEntityModel.swift */; };
		91B5A63A281F5E2700767FD0 /* PayCalendarApp.swift in Sources */ = {isa = PBXBuildFile; fileRef = 91B5A639281F5E2700767FD0 /* PayCalendarApp.swift */; };
		91B5A63C281F5E2700767FD0 /* ContentView.swift in Sources */ = {isa = PBXBuildFile; fileRef = 91B5A63B281F5E2700767FD0 /* ContentView.swift */; };
		91B5A63E281F5E2800767FD0 /* Assets.xcassets in Resources */ = {isa = PBXBuildFile; fileRef = 91B5A63D281F5E2800767FD0 /* Assets.xcassets */; };
		91B5A641281F5E2800767FD0 /* Preview Assets.xcassets in Resources */ = {isa = PBXBuildFile; fileRef = 91B5A640281F5E2800767FD0 /* Preview Assets.xcassets */; };
		91B5A643281F5E2800767FD0 /* Persistence.swift in Sources */ = {isa = PBXBuildFile; fileRef = 91B5A642281F5E2800767FD0 /* Persistence.swift */; };
		91B5A646281F5E2800767FD0 /* PayCalendar.xcdatamodeld in Sources */ = {isa = PBXBuildFile; fileRef = 91B5A644281F5E2800767FD0 /* PayCalendar.xcdatamodeld */; };
		91B5A651281F5ECB00767FD0 /* MainView.swift in Sources */ = {isa = PBXBuildFile; fileRef = 91B5A650281F5ECB00767FD0 /* MainView.swift */; };
		91B5A655281F5F4300767FD0 /* DateExtension.swift in Sources */ = {isa = PBXBuildFile; fileRef = 91B5A654281F5F4300767FD0 /* DateExtension.swift */; };
		91B5A657281F5F8000767FD0 /* MainViewExtension.swift in Sources */ = {isa = PBXBuildFile; fileRef = 91B5A656281F5F8000767FD0 /* MainViewExtension.swift */; };
		91B5A65A281F628100767FD0 /* NoteEntity.swift in Sources */ = {isa = PBXBuildFile; fileRef = 91B5A659281F628100767FD0 /* NoteEntity.swift */; };
		91B5A65C281F653A00767FD0 /* enumList.swift in Sources */ = {isa = PBXBuildFile; fileRef = 91B5A65B281F653A00767FD0 /* enumList.swift */; };
		91B5A660281F6BD000767FD0 /* SelectedDateNoteView.swift in Sources */ = {isa = PBXBuildFile; fileRef = 91B5A65F281F6BD000767FD0 /* SelectedDateNoteView.swift */; };
		91B5A662281F7D3700767FD0 /* TextWithBadge.swift in Sources */ = {isa = PBXBuildFile; fileRef = 91B5A661281F7D3700767FD0 /* TextWithBadge.swift */; };
		91DFF3D6282351D80060EC24 /* LeaveUsedListView.swift in Sources */ = {isa = PBXBuildFile; fileRef = 91DFF3D5282351D80060EC24 /* LeaveUsedListView.swift */; };
		91DFF3DA282378710060EC24 /* PersonInfoSettingView.swift in Sources */ = {isa = PBXBuildFile; fileRef = 91DFF3D9282378710060EC24 /* PersonInfoSettingView.swift */; };
/* End PBXBuildFile section */

/* Begin PBXFileReference section */
		91A6CAF22823BA41009A4688 /* BlankView.swift */ = {isa = PBXFileReference; lastKnownFileType = sourcecode.swift; path = BlankView.swift; sourceTree = "<group>"; };
		91A6CAF42823BCA5009A4688 /* BottomSheet.swift */ = {isa = PBXFileReference; lastKnownFileType = sourcecode.swift; path = BottomSheet.swift; sourceTree = "<group>"; };
		91A8062228222DA400CE8189 /* MonthlyPayDetailView.swift */ = {isa = PBXFileReference; lastKnownFileType = sourcecode.swift; path = MonthlyPayDetailView.swift; sourceTree = "<group>"; };
		91A8062428222EB500CE8189 /* MonthlyPayDetailViewModel.swift */ = {isa = PBXFileReference; lastKnownFileType = sourcecode.swift; path = MonthlyPayDetailViewModel.swift; sourceTree = "<group>"; };
		91A8062628223BF100CE8189 /* LeaveDetailView.swift */ = {isa = PBXFileReference; lastKnownFileType = sourcecode.swift; path = LeaveDetailView.swift; sourceTree = "<group>"; };
		91AA6CDC2820C3A30057AA8A /* AddingNewCodeNoteView.swift */ = {isa = PBXFileReference; lastKnownFileType = sourcecode.swift; path = AddingNewCodeNoteView.swift; sourceTree = "<group>"; };
		91AA6CDE2820C6FC0057AA8A /* AddingNewCodeNoteViewModel.swift */ = {isa = PBXFileReference; lastKnownFileType = sourcecode.swift; path = AddingNewCodeNoteViewModel.swift; sourceTree = "<group>"; };
		91AA6CE02820CBEF0057AA8A /* NoteEntityModel.swift */ = {isa = PBXFileReference; lastKnownFileType = sourcecode.swift; path = NoteEntityModel.swift; sourceTree = "<group>"; };
		91B5A636281F5E2700767FD0 /* PayCalendar.app */ = {isa = PBXFileReference; explicitFileType = wrapper.application; includeInIndex = 0; path = PayCalendar.app; sourceTree = BUILT_PRODUCTS_DIR; };
		91B5A639281F5E2700767FD0 /* PayCalendarApp.swift */ = {isa = PBXFileReference; lastKnownFileType = sourcecode.swift; path = PayCalendarApp.swift; sourceTree = "<group>"; };
		91B5A63B281F5E2700767FD0 /* ContentView.swift */ = {isa = PBXFileReference; lastKnownFileType = sourcecode.swift; path = ContentView.swift; sourceTree = "<group>"; };
		91B5A63D281F5E2800767FD0 /* Assets.xcassets */ = {isa = PBXFileReference; lastKnownFileType = folder.assetcatalog; path = Assets.xcassets; sourceTree = "<group>"; };
		91B5A640281F5E2800767FD0 /* Preview Assets.xcassets */ = {isa = PBXFileReference; lastKnownFileType = folder.assetcatalog; path = "Preview Assets.xcassets"; sourceTree = "<group>"; };
		91B5A642281F5E2800767FD0 /* Persistence.swift */ = {isa = PBXFileReference; lastKnownFileType = sourcecode.swift; path = Persistence.swift; sourceTree = "<group>"; };
		91B5A645281F5E2800767FD0 /* PayCalendar.xcdatamodel */ = {isa = PBXFileReference; lastKnownFileType = wrapper.xcdatamodel; path = PayCalendar.xcdatamodel; sourceTree = "<group>"; };
		91B5A650281F5ECB00767FD0 /* MainView.swift */ = {isa = PBXFileReference; lastKnownFileType = sourcecode.swift; path = MainView.swift; sourceTree = "<group>"; };
		91B5A654281F5F4300767FD0 /* DateExtension.swift */ = {isa = PBXFileReference; lastKnownFileType = sourcecode.swift; path = DateExtension.swift; sourceTree = "<group>"; };
		91B5A656281F5F8000767FD0 /* MainViewExtension.swift */ = {isa = PBXFileReference; lastKnownFileType = sourcecode.swift; path = MainViewExtension.swift; sourceTree = "<group>"; };
		91B5A659281F628100767FD0 /* NoteEntity.swift */ = {isa = PBXFileReference; lastKnownFileType = sourcecode.swift; path = NoteEntity.swift; sourceTree = "<group>"; };
		91B5A65B281F653A00767FD0 /* enumList.swift */ = {isa = PBXFileReference; lastKnownFileType = sourcecode.swift; path = enumList.swift; sourceTree = "<group>"; };
		91B5A65F281F6BD000767FD0 /* SelectedDateNoteView.swift */ = {isa = PBXFileReference; lastKnownFileType = sourcecode.swift; path = SelectedDateNoteView.swift; sourceTree = "<group>"; };
		91B5A661281F7D3700767FD0 /* TextWithBadge.swift */ = {isa = PBXFileReference; lastKnownFileType = sourcecode.swift; path = TextWithBadge.swift; sourceTree = "<group>"; };
		91DFF3D5282351D80060EC24 /* LeaveUsedListView.swift */ = {isa = PBXFileReference; lastKnownFileType = sourcecode.swift; path = LeaveUsedListView.swift; sourceTree = "<group>"; };
		91DFF3D9282378710060EC24 /* PersonInfoSettingView.swift */ = {isa = PBXFileReference; lastKnownFileType = sourcecode.swift; path = PersonInfoSettingView.swift; sourceTree = "<group>"; };
/* End PBXFileReference section */

/* Begin PBXFrameworksBuildPhase section */
		91B5A633281F5E2700767FD0 /* Frameworks */ = {
			isa = PBXFrameworksBuildPhase;
			buildActionMask = 2147483647;
			files = (
			);
			runOnlyForDeploymentPostprocessing = 0;
		};
/* End PBXFrameworksBuildPhase section */

/* Begin PBXGroup section */
		91B5A62D281F5E2700767FD0 = {
			isa = PBXGroup;
			children = (
				91B5A638281F5E2700767FD0 /* PayCalendar */,
				91B5A637281F5E2700767FD0 /* Products */,
			);
			sourceTree = "<group>";
		};
		91B5A637281F5E2700767FD0 /* Products */ = {
			isa = PBXGroup;
			children = (
				91B5A636281F5E2700767FD0 /* PayCalendar.app */,
			);
			name = Products;
			sourceTree = "<group>";
		};
		91B5A638281F5E2700767FD0 /* PayCalendar */ = {
			isa = PBXGroup;
			children = (
				91B5A639281F5E2700767FD0 /* PayCalendarApp.swift */,
				91B5A63B281F5E2700767FD0 /* ContentView.swift */,
				91B5A64F281F5EAD00767FD0 /* Views */,
				91B5A64E281F5EA200767FD0 /* ViewModels */,
				91B5A64D281F5E9900767FD0 /* Models */,
				91B5A658281F5FB500767FD0 /* Enums */,
				91B5A653281F5F0400767FD0 /* Components */,
				91B5A652281F5EF800767FD0 /* Extensions */,
				91B5A64C281F5E5500767FD0 /* CoreData */,
				91B5A63D281F5E2800767FD0 /* Assets.xcassets */,
				91B5A63F281F5E2800767FD0 /* Preview Content */,
			);
			path = PayCalendar;
			sourceTree = "<group>";
		};
		91B5A63F281F5E2800767FD0 /* Preview Content */ = {
			isa = PBXGroup;
			children = (
				91B5A640281F5E2800767FD0 /* Preview Assets.xcassets */,
			);
			path = "Preview Content";
			sourceTree = "<group>";
		};
		91B5A64C281F5E5500767FD0 /* CoreData */ = {
			isa = PBXGroup;
			children = (
				91B5A644281F5E2800767FD0 /* PayCalendar.xcdatamodeld */,
				91B5A642281F5E2800767FD0 /* Persistence.swift */,
			);
			path = CoreData;
			sourceTree = "<group>";
		};
		91B5A64D281F5E9900767FD0 /* Models */ = {
			isa = PBXGroup;
			children = (
				91B5A659281F628100767FD0 /* NoteEntity.swift */,
				91AA6CE02820CBEF0057AA8A /* NoteEntityModel.swift */,
			);
			path = Models;
			sourceTree = "<group>";
		};
		91B5A64E281F5EA200767FD0 /* ViewModels */ = {
			isa = PBXGroup;
			children = (
				91AA6CDE2820C6FC0057AA8A /* AddingNewCodeNoteViewModel.swift */,
				91A8062428222EB500CE8189 /* MonthlyPayDetailViewModel.swift */,
			);
			path = ViewModels;
			sourceTree = "<group>";
		};
		91B5A64F281F5EAD00767FD0 /* Views */ = {
			isa = PBXGroup;
			children = (
				91B5A650281F5ECB00767FD0 /* MainView.swift */,
				91B5A65F281F6BD000767FD0 /* SelectedDateNoteView.swift */,
				91AA6CDC2820C3A30057AA8A /* AddingNewCodeNoteView.swift */,
				91A8062228222DA400CE8189 /* MonthlyPayDetailView.swift */,
				91DFF3D8282378570060EC24 /* PersonViews */,
				91DFF3D7282377E50060EC24 /* LeaveViews */,
			);
			path = Views;
			sourceTree = "<group>";
		};
		91B5A652281F5EF800767FD0 /* Extensions */ = {
			isa = PBXGroup;
			children = (
				91B5A654281F5F4300767FD0 /* DateExtension.swift */,
				91B5A656281F5F8000767FD0 /* MainViewExtension.swift */,
			);
			path = Extensions;
			sourceTree = "<group>";
		};
		91B5A653281F5F0400767FD0 /* Components */ = {
			isa = PBXGroup;
			children = (
				91B5A661281F7D3700767FD0 /* TextWithBadge.swift */,
				91A6CAF22823BA41009A4688 /* BlankView.swift */,
				91A6CAF42823BCA5009A4688 /* BottomSheet.swift */,
			);
			path = Components;
			sourceTree = "<group>";
		};
		91B5A658281F5FB500767FD0 /* Enums */ = {
			isa = PBXGroup;
			children = (
				91B5A65B281F653A00767FD0 /* enumList.swift */,
			);
			path = Enums;
			sourceTree = "<group>";
		};
		91DFF3D7282377E50060EC24 /* LeaveViews */ = {
			isa = PBXGroup;
			children = (
				91DFF3D5282351D80060EC24 /* LeaveUsedListView.swift */,
				91A8062628223BF100CE8189 /* LeaveDetailView.swift */,
			);
			path = LeaveViews;
			sourceTree = "<group>";
		};
		91DFF3D8282378570060EC24 /* PersonViews */ = {
			isa = PBXGroup;
			children = (
				91DFF3D9282378710060EC24 /* PersonInfoSettingView.swift */,
			);
			path = PersonViews;
			sourceTree = "<group>";
		};
/* End PBXGroup section */

/* Begin PBXNativeTarget section */
		91B5A635281F5E2700767FD0 /* PayCalendar */ = {
			isa = PBXNativeTarget;
			buildConfigurationList = 91B5A649281F5E2800767FD0 /* Build configuration list for PBXNativeTarget "PayCalendar" */;
			buildPhases = (
				91B5A632281F5E2700767FD0 /* Sources */,
				91B5A633281F5E2700767FD0 /* Frameworks */,
				91B5A634281F5E2700767FD0 /* Resources */,
			);
			buildRules = (
			);
			dependencies = (
			);
			name = PayCalendar;
			productName = PayCalendar;
			productReference = 91B5A636281F5E2700767FD0 /* PayCalendar.app */;
			productType = "com.apple.product-type.application";
		};
/* End PBXNativeTarget section */

/* Begin PBXProject section */
		91B5A62E281F5E2700767FD0 /* Project object */ = {
			isa = PBXProject;
			attributes = {
				BuildIndependentTargetsInParallel = 1;
				LastSwiftUpdateCheck = 1330;
				LastUpgradeCheck = 1330;
				TargetAttributes = {
					91B5A635281F5E2700767FD0 = {
						CreatedOnToolsVersion = 13.3.1;
					};
				};
			};
			buildConfigurationList = 91B5A631281F5E2700767FD0 /* Build configuration list for PBXProject "PayCalendar" */;
			compatibilityVersion = "Xcode 13.0";
			developmentRegion = en;
			hasScannedForEncodings = 0;
			knownRegions = (
				en,
				Base,
			);
			mainGroup = 91B5A62D281F5E2700767FD0;
			productRefGroup = 91B5A637281F5E2700767FD0 /* Products */;
			projectDirPath = "";
			projectRoot = "";
			targets = (
				91B5A635281F5E2700767FD0 /* PayCalendar */,
			);
		};
/* End PBXProject section */

/* Begin PBXResourcesBuildPhase section */
		91B5A634281F5E2700767FD0 /* Resources */ = {
			isa = PBXResourcesBuildPhase;
			buildActionMask = 2147483647;
			files = (
				91B5A641281F5E2800767FD0 /* Preview Assets.xcassets in Resources */,
				91B5A63E281F5E2800767FD0 /* Assets.xcassets in Resources */,
			);
			runOnlyForDeploymentPostprocessing = 0;
		};
/* End PBXResourcesBuildPhase section */

/* Begin PBXSourcesBuildPhase section */
		91B5A632281F5E2700767FD0 /* Sources */ = {
			isa = PBXSourcesBuildPhase;
			buildActionMask = 2147483647;
			files = (
				91B5A646281F5E2800767FD0 /* PayCalendar.xcdatamodeld in Sources */,
				91A6CAF32823BA41009A4688 /* BlankView.swift in Sources */,
				91B5A655281F5F4300767FD0 /* DateExtension.swift in Sources */,
				91AA6CE12820CBEF0057AA8A /* NoteEntityModel.swift in Sources */,
				91B5A643281F5E2800767FD0 /* Persistence.swift in Sources */,
				91A8062728223BF100CE8189 /* LeaveDetailView.swift in Sources */,
				91AA6CDD2820C3A30057AA8A /* AddingNewCodeNoteView.swift in Sources */,
				91A8062328222DA400CE8189 /* MonthlyPayDetailView.swift in Sources */,
				91DFF3DA282378710060EC24 /* PersonInfoSettingView.swift in Sources */,
				91B5A65C281F653A00767FD0 /* enumList.swift in Sources */,
				91AA6CDF2820C6FC0057AA8A /* AddingNewCodeNoteViewModel.swift in Sources */,
				91B5A63C281F5E2700767FD0 /* ContentView.swift in Sources */,
				91B5A651281F5ECB00767FD0 /* MainView.swift in Sources */,
				91B5A657281F5F8000767FD0 /* MainViewExtension.swift in Sources */,
				91B5A65A281F628100767FD0 /* NoteEntity.swift in Sources */,
				91DFF3D6282351D80060EC24 /* LeaveUsedListView.swift in Sources */,
				91A6CAF52823BCA5009A4688 /* BottomSheet.swift in Sources */,
				91B5A63A281F5E2700767FD0 /* PayCalendarApp.swift in Sources */,
				91B5A662281F7D3700767FD0 /* TextWithBadge.swift in Sources */,
				91A8062528222EB500CE8189 /* MonthlyPayDetailViewModel.swift in Sources */,
				91B5A660281F6BD000767FD0 /* SelectedDateNoteView.swift in Sources */,
			);
			runOnlyForDeploymentPostprocessing = 0;
		};
/* End PBXSourcesBuildPhase section */

/* Begin XCBuildConfiguration section */
		91B5A647281F5E2800767FD0 /* Debug */ = {
			isa = XCBuildConfiguration;
			buildSettings = {
				ALWAYS_SEARCH_USER_PATHS = NO;
				CLANG_ANALYZER_NONNULL = YES;
				CLANG_ANALYZER_NUMBER_OBJECT_CONVERSION = YES_AGGRESSIVE;
				CLANG_CXX_LANGUAGE_STANDARD = "gnu++17";
				CLANG_ENABLE_MODULES = YES;
				CLANG_ENABLE_OBJC_ARC = YES;
				CLANG_ENABLE_OBJC_WEAK = YES;
				CLANG_WARN_BLOCK_CAPTURE_AUTORELEASING = YES;
				CLANG_WARN_BOOL_CONVERSION = YES;
				CLANG_WARN_COMMA = YES;
				CLANG_WARN_CONSTANT_CONVERSION = YES;
				CLANG_WARN_DEPRECATED_OBJC_IMPLEMENTATIONS = YES;
				CLANG_WARN_DIRECT_OBJC_ISA_USAGE = YES_ERROR;
				CLANG_WARN_DOCUMENTATION_COMMENTS = YES;
				CLANG_WARN_EMPTY_BODY = YES;
				CLANG_WARN_ENUM_CONVERSION = YES;
				CLANG_WARN_INFINITE_RECURSION = YES;
				CLANG_WARN_INT_CONVERSION = YES;
				CLANG_WARN_NON_LITERAL_NULL_CONVERSION = YES;
				CLANG_WARN_OBJC_IMPLICIT_RETAIN_SELF = YES;
				CLANG_WARN_OBJC_LITERAL_CONVERSION = YES;
				CLANG_WARN_OBJC_ROOT_CLASS = YES_ERROR;
				CLANG_WARN_QUOTED_INCLUDE_IN_FRAMEWORK_HEADER = YES;
				CLANG_WARN_RANGE_LOOP_ANALYSIS = YES;
				CLANG_WARN_STRICT_PROTOTYPES = YES;
				CLANG_WARN_SUSPICIOUS_MOVE = YES;
				CLANG_WARN_UNGUARDED_AVAILABILITY = YES_AGGRESSIVE;
				CLANG_WARN_UNREACHABLE_CODE = YES;
				CLANG_WARN__DUPLICATE_METHOD_MATCH = YES;
				COPY_PHASE_STRIP = NO;
				DEBUG_INFORMATION_FORMAT = dwarf;
				ENABLE_STRICT_OBJC_MSGSEND = YES;
				ENABLE_TESTABILITY = YES;
				GCC_C_LANGUAGE_STANDARD = gnu11;
				GCC_DYNAMIC_NO_PIC = NO;
				GCC_NO_COMMON_BLOCKS = YES;
				GCC_OPTIMIZATION_LEVEL = 0;
				GCC_PREPROCESSOR_DEFINITIONS = (
					"DEBUG=1",
					"$(inherited)",
				);
				GCC_WARN_64_TO_32_BIT_CONVERSION = YES;
				GCC_WARN_ABOUT_RETURN_TYPE = YES_ERROR;
				GCC_WARN_UNDECLARED_SELECTOR = YES;
				GCC_WARN_UNINITIALIZED_AUTOS = YES_AGGRESSIVE;
				GCC_WARN_UNUSED_FUNCTION = YES;
				GCC_WARN_UNUSED_VARIABLE = YES;
				IPHONEOS_DEPLOYMENT_TARGET = 15.4;
				MTL_ENABLE_DEBUG_INFO = INCLUDE_SOURCE;
				MTL_FAST_MATH = YES;
				ONLY_ACTIVE_ARCH = YES;
				SDKROOT = iphoneos;
				SWIFT_ACTIVE_COMPILATION_CONDITIONS = DEBUG;
				SWIFT_OPTIMIZATION_LEVEL = "-Onone";
			};
			name = Debug;
		};
		91B5A648281F5E2800767FD0 /* Release */ = {
			isa = XCBuildConfiguration;
			buildSettings = {
				ALWAYS_SEARCH_USER_PATHS = NO;
				CLANG_ANALYZER_NONNULL = YES;
				CLANG_ANALYZER_NUMBER_OBJECT_CONVERSION = YES_AGGRESSIVE;
				CLANG_CXX_LANGUAGE_STANDARD = "gnu++17";
				CLANG_ENABLE_MODULES = YES;
				CLANG_ENABLE_OBJC_ARC = YES;
				CLANG_ENABLE_OBJC_WEAK = YES;
				CLANG_WARN_BLOCK_CAPTURE_AUTORELEASING = YES;
				CLANG_WARN_BOOL_CONVERSION = YES;
				CLANG_WARN_COMMA = YES;
				CLANG_WARN_CONSTANT_CONVERSION = YES;
				CLANG_WARN_DEPRECATED_OBJC_IMPLEMENTATIONS = YES;
				CLANG_WARN_DIRECT_OBJC_ISA_USAGE = YES_ERROR;
				CLANG_WARN_DOCUMENTATION_COMMENTS = YES;
				CLANG_WARN_EMPTY_BODY = YES;
				CLANG_WARN_ENUM_CONVERSION = YES;
				CLANG_WARN_INFINITE_RECURSION = YES;
				CLANG_WARN_INT_CONVERSION = YES;
				CLANG_WARN_NON_LITERAL_NULL_CONVERSION = YES;
				CLANG_WARN_OBJC_IMPLICIT_RETAIN_SELF = YES;
				CLANG_WARN_OBJC_LITERAL_CONVERSION = YES;
				CLANG_WARN_OBJC_ROOT_CLASS = YES_ERROR;
				CLANG_WARN_QUOTED_INCLUDE_IN_FRAMEWORK_HEADER = YES;
				CLANG_WARN_RANGE_LOOP_ANALYSIS = YES;
				CLANG_WARN_STRICT_PROTOTYPES = YES;
				CLANG_WARN_SUSPICIOUS_MOVE = YES;
				CLANG_WARN_UNGUARDED_AVAILABILITY = YES_AGGRESSIVE;
				CLANG_WARN_UNREACHABLE_CODE = YES;
				CLANG_WARN__DUPLICATE_METHOD_MATCH = YES;
				COPY_PHASE_STRIP = NO;
				DEBUG_INFORMATION_FORMAT = "dwarf-with-dsym";
				ENABLE_NS_ASSERTIONS = NO;
				ENABLE_STRICT_OBJC_MSGSEND = YES;
				GCC_C_LANGUAGE_STANDARD = gnu11;
				GCC_NO_COMMON_BLOCKS = YES;
				GCC_WARN_64_TO_32_BIT_CONVERSION = YES;
				GCC_WARN_ABOUT_RETURN_TYPE = YES_ERROR;
				GCC_WARN_UNDECLARED_SELECTOR = YES;
				GCC_WARN_UNINITIALIZED_AUTOS = YES_AGGRESSIVE;
				GCC_WARN_UNUSED_FUNCTION = YES;
				GCC_WARN_UNUSED_VARIABLE = YES;
				IPHONEOS_DEPLOYMENT_TARGET = 15.4;
				MTL_ENABLE_DEBUG_INFO = NO;
				MTL_FAST_MATH = YES;
				SDKROOT = iphoneos;
				SWIFT_COMPILATION_MODE = wholemodule;
				SWIFT_OPTIMIZATION_LEVEL = "-O";
				VALIDATE_PRODUCT = YES;
			};
			name = Release;
		};
		91B5A64A281F5E2800767FD0 /* Debug */ = {
			isa = XCBuildConfiguration;
			buildSettings = {
				ASSETCATALOG_COMPILER_APPICON_NAME = AppIcon;
				ASSETCATALOG_COMPILER_GLOBAL_ACCENT_COLOR_NAME = AccentColor;
				CODE_SIGN_STYLE = Automatic;
				CURRENT_PROJECT_VERSION = 1;
				DEVELOPMENT_ASSET_PATHS = "\"PayCalendar/Preview Content\"";
				DEVELOPMENT_TEAM = KF5FK9BCXT;
				ENABLE_PREVIEWS = YES;
				GENERATE_INFOPLIST_FILE = YES;
				INFOPLIST_KEY_UIApplicationSceneManifest_Generation = YES;
				INFOPLIST_KEY_UIApplicationSupportsIndirectInputEvents = YES;
				INFOPLIST_KEY_UILaunchScreen_Generation = YES;
				INFOPLIST_KEY_UISupportedInterfaceOrientations_iPad = "UIInterfaceOrientationPortrait UIInterfaceOrientationPortraitUpsideDown UIInterfaceOrientationLandscapeLeft UIInterfaceOrientationLandscapeRight";
				INFOPLIST_KEY_UISupportedInterfaceOrientations_iPhone = "UIInterfaceOrientationPortrait UIInterfaceOrientationLandscapeLeft UIInterfaceOrientationLandscapeRight";
				LD_RUNPATH_SEARCH_PATHS = (
					"$(inherited)",
					"@executable_path/Frameworks",
				);
				MARKETING_VERSION = 1.0;
				PRODUCT_BUNDLE_IDENTIFIER = "detacl73-gmail.com.PayCalendar";
				PRODUCT_NAME = "$(TARGET_NAME)";
				SWIFT_EMIT_LOC_STRINGS = YES;
				SWIFT_VERSION = 5.0;
				TARGETED_DEVICE_FAMILY = "1,2";
			};
			name = Debug;
		};
		91B5A64B281F5E2800767FD0 /* Release */ = {
			isa = XCBuildConfiguration;
			buildSettings = {
				ASSETCATALOG_COMPILER_APPICON_NAME = AppIcon;
				ASSETCATALOG_COMPILER_GLOBAL_ACCENT_COLOR_NAME = AccentColor;
				CODE_SIGN_STYLE = Automatic;
				CURRENT_PROJECT_VERSION = 1;
				DEVELOPMENT_ASSET_PATHS = "\"PayCalendar/Preview Content\"";
				DEVELOPMENT_TEAM = KF5FK9BCXT;
				ENABLE_PREVIEWS = YES;
				GENERATE_INFOPLIST_FILE = YES;
				INFOPLIST_KEY_UIApplicationSceneManifest_Generation = YES;
				INFOPLIST_KEY_UIApplicationSupportsIndirectInputEvents = YES;
				INFOPLIST_KEY_UILaunchScreen_Generation = YES;
				INFOPLIST_KEY_UISupportedInterfaceOrientations_iPad = "UIInterfaceOrientationPortrait UIInterfaceOrientationPortraitUpsideDown UIInterfaceOrientationLandscapeLeft UIInterfaceOrientationLandscapeRight";
				INFOPLIST_KEY_UISupportedInterfaceOrientations_iPhone = "UIInterfaceOrientationPortrait UIInterfaceOrientationLandscapeLeft UIInterfaceOrientationLandscapeRight";
				LD_RUNPATH_SEARCH_PATHS = (
					"$(inherited)",
					"@executable_path/Frameworks",
				);
				MARKETING_VERSION = 1.0;
				PRODUCT_BUNDLE_IDENTIFIER = "detacl73-gmail.com.PayCalendar";
				PRODUCT_NAME = "$(TARGET_NAME)";
				SWIFT_EMIT_LOC_STRINGS = YES;
				SWIFT_VERSION = 5.0;
				TARGETED_DEVICE_FAMILY = "1,2";
			};
			name = Release;
		};
/* End XCBuildConfiguration section */

/* Begin XCConfigurationList section */
		91B5A631281F5E2700767FD0 /* Build configuration list for PBXProject "PayCalendar" */ = {
			isa = XCConfigurationList;
			buildConfigurations = (
				91B5A647281F5E2800767FD0 /* Debug */,
				91B5A648281F5E2800767FD0 /* Release */,
			);
			defaultConfigurationIsVisible = 0;
			defaultConfigurationName = Release;
		};
		91B5A649281F5E2800767FD0 /* Build configuration list for PBXNativeTarget "PayCalendar" */ = {
			isa = XCConfigurationList;
			buildConfigurations = (
				91B5A64A281F5E2800767FD0 /* Debug */,
				91B5A64B281F5E2800767FD0 /* Release */,
			);
			defaultConfigurationIsVisible = 0;
			defaultConfigurationName = Release;
		};
/* End XCConfigurationList section */

/* Begin XCVersionGroup section */
		91B5A644281F5E2800767FD0 /* PayCalendar.xcdatamodeld */ = {
			isa = XCVersionGroup;
			children = (
				91B5A645281F5E2800767FD0 /* PayCalendar.xcdatamodel */,
			);
			currentVersion = 91B5A645281F5E2800767FD0 /* PayCalendar.xcdatamodel */;
			path = PayCalendar.xcdatamodeld;
			sourceTree = "<group>";
			versionGroupType = wrapper.xcdatamodel;
		};
/* End XCVersionGroup section */
	};
	rootObject = 91B5A62E281F5E2700767FD0 /* Project object */;
}
